# THIS IS AN AUTOGENERATED FILE. DO NOT EDIT THIS FILE DIRECTLY.
# yarn lockfile v1


abbrev@1:
  version "1.1.0"
  resolved "https://registry.yarnpkg.com/abbrev/-/abbrev-1.1.0.tgz#d0554c2256636e2f56e7c2e5ad183f859428d81f"

ansi-regex@^0.2.0, ansi-regex@^0.2.1:
  version "0.2.1"
  resolved "https://registry.yarnpkg.com/ansi-regex/-/ansi-regex-0.2.1.tgz#0d8e946967a3d8143f93e24e298525fc1b2235f9"

ansi-styles@^1.1.0:
  version "1.1.0"
  resolved "https://registry.yarnpkg.com/ansi-styles/-/ansi-styles-1.1.0.tgz#eaecbf66cd706882760b2f4691582b8f55d7a7de"

"argparse@~ 0.1.11":
  version "0.1.16"
  resolved "https://registry.yarnpkg.com/argparse/-/argparse-0.1.16.tgz#cfd01e0fbba3d6caed049fbd758d40f65196f57c"
  dependencies:
    underscore "~1.7.0"
    underscore.string "~2.4.0"

async@^0.9.0:
  version "0.9.2"
  resolved "https://registry.yarnpkg.com/async/-/async-0.9.2.tgz#aea74d5e61c1f899613bf64bda66d4c78f2fd17d"

async@~0.1.22:
  version "0.1.22"
  resolved "https://registry.yarnpkg.com/async/-/async-0.1.22.tgz#0fc1aaa088a0e3ef0ebe2d8831bab0dcf8845061"

buffer-crc32@0.2.1:
  version "0.2.1"
  resolved "https://registry.yarnpkg.com/buffer-crc32/-/buffer-crc32-0.2.1.tgz#be3e5382fc02b6d6324956ac1af98aa98b08534c"

bytes@0.2.0:
  version "0.2.0"
  resolved "https://registry.yarnpkg.com/bytes/-/bytes-0.2.0.tgz#aad33ec14e3dc2ca74e8e7d451f9ba053ad4f7a0"

chalk@^0.5.1:
  version "0.5.1"
  resolved "https://registry.yarnpkg.com/chalk/-/chalk-0.5.1.tgz#663b3a648b68b55d04690d49167aa837858f2174"
  dependencies:
    ansi-styles "^1.1.0"
    escape-string-regexp "^1.0.0"
    has-ansi "^0.1.0"
    strip-ansi "^0.3.0"
    supports-color "^0.2.0"

coffee-script@~1.3.3:
  version "1.3.3"
  resolved "https://registry.yarnpkg.com/coffee-script/-/coffee-script-1.3.3.tgz#150d6b4cb522894369efed6a2101c20bc7f4a4f4"

colors@~0.6.2:
  version "0.6.2"
  resolved "https://registry.yarnpkg.com/colors/-/colors-0.6.2.tgz#2423fe6678ac0c5dae8852e5d0e5be08c997abcc"

connect-livereload@~0.2.0:
  version "0.2.0"
  resolved "https://registry.yarnpkg.com/connect-livereload/-/connect-livereload-0.2.0.tgz#7573cf587846dffd02a3e65e3122b470dd615ec9"

connect-livereload@~0.3.0:
  version "0.3.2"
  resolved "https://registry.yarnpkg.com/connect-livereload/-/connect-livereload-0.3.2.tgz#ddb70aa50901d583783662770e3d3b63d7ce40ff"

connect@~2.7.11:
  version "2.7.11"
  resolved "https://registry.yarnpkg.com/connect/-/connect-2.7.11.tgz#f561d5eef70b8d719c397f724d34ba4065c77a3e"
  dependencies:
    buffer-crc32 "0.2.1"
    bytes "0.2.0"
    cookie "0.0.5"
    cookie-signature "1.0.1"
    debug "*"
    formidable "1.0.14"
    fresh "0.1.0"
    pause "0.0.1"
    qs "0.6.5"
    send "0.1.1"

cookie-signature@1.0.1:
  version "1.0.1"
  resolved "https://registry.yarnpkg.com/cookie-signature/-/cookie-signature-1.0.1.tgz#44e072148af01e6e8e24afbf12690d68ae698ecb"

cookie@0.0.5:
  version "0.0.5"
  resolved "https://registry.yarnpkg.com/cookie/-/cookie-0.0.5.tgz#f9acf9db57eb7568c9fcc596256b7bb22e307c81"

dargs@^0.1.0:
  version "0.1.0"
  resolved "https://registry.yarnpkg.com/dargs/-/dargs-0.1.0.tgz#2364ad9f441f976dcd5fe9961e21715665a5e3c3"

dateformat@1.0.2-1.2.3:
  version "1.0.2-1.2.3"
  resolved "https://registry.yarnpkg.com/dateformat/-/dateformat-1.0.2-1.2.3.tgz#b0220c02de98617433b72851cf47de3df2cdbee9"

debug@*, debug@~0.7.0:
  version "0.7.4"
  resolved "https://registry.yarnpkg.com/debug/-/debug-0.7.4.tgz#06e1ea8082c2cb14e39806e22e2f6f757f92af39"

escape-string-regexp@^1.0.0:
  version "1.0.5"
  resolved "https://registry.yarnpkg.com/escape-string-regexp/-/escape-string-regexp-1.0.5.tgz#1b61c0562190a8dff6ae3bb2cf0200ca130b86d4"

"esprima@~ 1.0.2":
  version "1.0.4"
  resolved "https://registry.yarnpkg.com/esprima/-/esprima-1.0.4.tgz#9f557e08fc3b4d26ece9dd34f8fbf476b62585ad"

eventemitter2@~0.4.13:
  version "0.4.14"
  resolved "https://registry.yarnpkg.com/eventemitter2/-/eventemitter2-0.4.14.tgz#8f61b75cde012b2e9eb284d4545583b5643b61ab"

exit@~0.1.1:
  version "0.1.2"
  resolved "https://registry.yarnpkg.com/exit/-/exit-0.1.2.tgz#0632638f8d877cc82107d30a0fff1a17cba1cd0c"

faye-websocket@~0.4.3:
  version "0.4.4"
  resolved "https://registry.yarnpkg.com/faye-websocket/-/faye-websocket-0.4.4.tgz#c14c5b3bf14d7417ffbfd990c0a7495cd9f337bc"

fileset@~0.1.5:
  version "0.1.8"
  resolved "https://registry.yarnpkg.com/fileset/-/fileset-0.1.8.tgz#506b91a9396eaa7e32fb42a84077c7a0c736b741"
  dependencies:
    glob "3.x"
    minimatch "0.x"

findup-sync@~0.1.2:
  version "0.1.3"
  resolved "https://registry.yarnpkg.com/findup-sync/-/findup-sync-0.1.3.tgz#7f3e7a97b82392c653bf06589bd85190e93c3683"
  dependencies:
    glob "~3.2.9"
    lodash "~2.4.1"

formidable@1.0.14:
  version "1.0.14"
  resolved "https://registry.yarnpkg.com/formidable/-/formidable-1.0.14.tgz#2b3f4c411cbb5fdd695c44843e2a23514a43231a"

fresh@0.1.0:
  version "0.1.0"
  resolved "https://registry.yarnpkg.com/fresh/-/fresh-0.1.0.tgz#03e4b0178424e4c2d5d19a54d8814cdc97934850"

gaze@~0.3.4:
  version "0.3.4"
  resolved "https://registry.yarnpkg.com/gaze/-/gaze-0.3.4.tgz#5f94bdda0afe53bc710969bcd6f282548d60c279"
  dependencies:
    fileset "~0.1.5"
    minimatch "~0.2.9"

getobject@~0.1.0:
  version "0.1.0"
  resolved "https://registry.yarnpkg.com/getobject/-/getobject-0.1.0.tgz#047a449789fa160d018f5486ed91320b6ec7885c"

glob@3.x, glob@~3.2.9:
  version "3.2.11"
  resolved "https://registry.yarnpkg.com/glob/-/glob-3.2.11.tgz#4a973f635b9190f715d10987d5c00fd2815ebe3d"
  dependencies:
    inherits "2"
    minimatch "0.3"

glob@~3.1.21:
  version "3.1.21"
  resolved "https://registry.yarnpkg.com/glob/-/glob-3.1.21.tgz#d29e0a055dea5138f4d07ed40e8982e83c2066cd"
  dependencies:
    graceful-fs "~1.2.0"
    inherits "1"
    minimatch "~0.2.11"

graceful-fs@~1.2.0:
  version "1.2.3"
  resolved "https://registry.yarnpkg.com/graceful-fs/-/graceful-fs-1.2.3.tgz#15a4806a57547cb2d2dbf27f42e89a8c3451b364"

grunt-contrib-clean@0.5.0:
  version "0.5.0"
  resolved "https://registry.yarnpkg.com/grunt-contrib-clean/-/grunt-contrib-clean-0.5.0.tgz#f53dfdee0849b1c7b40e9ebbba69f48c4c6079c5"
  dependencies:
    rimraf "~2.2.1"

grunt-contrib-connect@0.5.0:
  version "0.5.0"
  resolved "https://registry.yarnpkg.com/grunt-contrib-connect/-/grunt-contrib-connect-0.5.0.tgz#0330be3724e3eeef438578b26308cad302f5fa63"
  dependencies:
    connect "~2.7.11"
    connect-livereload "~0.2.0"
    open "0.0.4"

grunt-contrib-copy@0.5.0:
  version "0.5.0"
  resolved "https://registry.yarnpkg.com/grunt-contrib-copy/-/grunt-contrib-copy-0.5.0.tgz#410075ac45a5856ba191b1cc725725450d4a0215"

grunt-contrib-sass@~0.7.2:
  version "0.7.4"
  resolved "https://registry.yarnpkg.com/grunt-contrib-sass/-/grunt-contrib-sass-0.7.4.tgz#1de0f7c3bc40f15254e135777b5f094c921e9564"
  dependencies:
    async "^0.9.0"
    chalk "^0.5.1"
    dargs "^0.1.0"
    which "^1.0.5"
    win-spawn "^2.0.0"

grunt-contrib-watch@~0.4.3:
  version "0.4.4"
  resolved "https://registry.yarnpkg.com/grunt-contrib-watch/-/grunt-contrib-watch-0.4.4.tgz#320fc77c5cd33b73e5446cd9ed919612116aa63c"
  dependencies:
    gaze "~0.3.4"
    tiny-lr "0.0.4"

grunt-exec@~0.4.2:
  version "0.4.7"
  resolved "https://registry.yarnpkg.com/grunt-exec/-/grunt-exec-0.4.7.tgz#40051ffa4eb0c9657e053b95e88d44352a1c2c25"

grunt-legacy-log-utils@~0.1.1:
  version "0.1.1"
  resolved "https://registry.yarnpkg.com/grunt-legacy-log-utils/-/grunt-legacy-log-utils-0.1.1.tgz#c0706b9dd9064e116f36f23fe4e6b048672c0f7e"
  dependencies:
    colors "~0.6.2"
    lodash "~2.4.1"
    underscore.string "~2.3.3"

grunt-legacy-log@~0.1.0:
  version "0.1.3"
  resolved "https://registry.yarnpkg.com/grunt-legacy-log/-/grunt-legacy-log-0.1.3.tgz#ec29426e803021af59029f87d2f9cd7335a05531"
  dependencies:
    colors "~0.6.2"
    grunt-legacy-log-utils "~0.1.1"
    hooker "~0.2.3"
    lodash "~2.4.1"
    underscore.string "~2.3.3"

grunt-legacy-util@~0.2.0:
  version "0.2.0"
  resolved "https://registry.yarnpkg.com/grunt-legacy-util/-/grunt-legacy-util-0.2.0.tgz#93324884dbf7e37a9ff7c026dff451d94a9e554b"
  dependencies:
    async "~0.1.22"
    exit "~0.1.1"
    getobject "~0.1.0"
    hooker "~0.2.3"
    lodash "~0.9.2"
    underscore.string "~2.2.1"
    which "~1.0.5"

grunt-open@0.2.2:
  version "0.2.2"
  resolved "https://registry.yarnpkg.com/grunt-open/-/grunt-open-0.2.2.tgz#a9d43e6d1533dd33766754f941d01833fe03e3c8"
  dependencies:
    open "~0.0.4"

grunt@~0.4.1:
  version "0.4.5"
  resolved "https://registry.yarnpkg.com/grunt/-/grunt-0.4.5.tgz#56937cd5194324adff6d207631832a9d6ba4e7f0"
  dependencies:
    async "~0.1.22"
    coffee-script "~1.3.3"
    colors "~0.6.2"
    dateformat "1.0.2-1.2.3"
    eventemitter2 "~0.4.13"
    exit "~0.1.1"
    findup-sync "~0.1.2"
    getobject "~0.1.0"
    glob "~3.1.21"
    grunt-legacy-log "~0.1.0"
    grunt-legacy-util "~0.2.0"
    hooker "~0.2.3"
    iconv-lite "~0.2.11"
    js-yaml "~2.0.5"
    lodash "~0.9.2"
    minimatch "~0.2.12"
    nopt "~1.0.10"
    rimraf "~2.2.8"
    underscore.string "~2.2.1"
    which "~1.0.5"

has-ansi@^0.1.0:
  version "0.1.0"
  resolved "https://registry.yarnpkg.com/has-ansi/-/has-ansi-0.1.0.tgz#84f265aae8c0e6a88a12d7022894b7568894c62e"
  dependencies:
    ansi-regex "^0.2.0"

hooker@~0.2.3:
  version "0.2.3"
  resolved "https://registry.yarnpkg.com/hooker/-/hooker-0.2.3.tgz#b834f723cc4a242aa65963459df6d984c5d3d959"

iconv-lite@~0.2.11:
  version "0.2.11"
  resolved "https://registry.yarnpkg.com/iconv-lite/-/iconv-lite-0.2.11.tgz#1ce60a3a57864a292d1321ff4609ca4bb965adc8"

inherits@1:
  version "1.0.2"
  resolved "https://registry.yarnpkg.com/inherits/-/inherits-1.0.2.tgz#ca4309dadee6b54cc0b8d247e8d7c7a0975bdc9b"

inherits@2:
  version "2.0.3"
  resolved "https://registry.yarnpkg.com/inherits/-/inherits-2.0.3.tgz#633c2c83e3da42a502f52466022480f4208261de"

isexe@^1.1.1:
  version "1.1.2"
  resolved "https://registry.yarnpkg.com/isexe/-/isexe-1.1.2.tgz#36f3e22e60750920f5e7241a476a8c6a42275ad0"

js-yaml@~2.0.5:
  version "2.0.5"
  resolved "https://registry.yarnpkg.com/js-yaml/-/js-yaml-2.0.5.tgz#a25ae6509999e97df278c6719da11bd0687743a8"
  dependencies:
    argparse "~ 0.1.11"
    esprima "~ 1.0.2"

lodash@~0.9.2:
  version "0.9.2"
  resolved "https://registry.yarnpkg.com/lodash/-/lodash-0.9.2.tgz#8f3499c5245d346d682e5b0d3b40767e09f1a92c"

lodash@~2.4.1:
  version "2.4.2"
  resolved "https://registry.yarnpkg.com/lodash/-/lodash-2.4.2.tgz#fadd834b9683073da179b3eae6d9c0d15053f73e"

lru-cache@2:
  version "2.7.3"
  resolved "https://registry.yarnpkg.com/lru-cache/-/lru-cache-2.7.3.tgz#6d4524e8b955f95d4f5b58851ce21dd72fb4e952"

matchdep@~0.1.2:
  version "0.1.2"
  resolved "https://registry.yarnpkg.com/matchdep/-/matchdep-0.1.2.tgz#2f539f081d069f3205a31e6153739bfd13c662c6"
  dependencies:
    minimatch "~0.2.9"

mime@~1.2.9:
  version "1.2.11"
  resolved "https://registry.yarnpkg.com/mime/-/mime-1.2.11.tgz#58203eed86e3a5ef17aed2b7d9ebd47f0a60dd10"

minimatch@0.3:
  version "0.3.0"
  resolved "https://registry.yarnpkg.com/minimatch/-/minimatch-0.3.0.tgz#275d8edaac4f1bb3326472089e7949c8394699dd"
  dependencies:
    lru-cache "2"
    sigmund "~1.0.0"

minimatch@0.x, minimatch@~0.2.11, minimatch@~0.2.12, minimatch@~0.2.9:
  version "0.2.14"
  resolved "https://registry.yarnpkg.com/minimatch/-/minimatch-0.2.14.tgz#c74e780574f63c6f9a090e90efbe6ef53a6a756a"
  dependencies:
    lru-cache "2"
    sigmund "~1.0.0"

nopt@~1.0.10:
  version "1.0.10"
  resolved "https://registry.yarnpkg.com/nopt/-/nopt-1.0.10.tgz#6ddd21bd2a31417b92727dd585f8a6f37608ebee"
  dependencies:
    abbrev "1"

nopt@~2.0.0:
  version "2.0.0"
  resolved "https://registry.yarnpkg.com/nopt/-/nopt-2.0.0.tgz#ca7416f20a5e3f9c3b86180f96295fa3d0b52e0d"
  dependencies:
    abbrev "1"

noptify@latest:
  version "0.0.3"
  resolved "https://registry.yarnpkg.com/noptify/-/noptify-0.0.3.tgz#58f654a73d9753df0c51d9686dc92104a67f4bbb"
  dependencies:
    nopt "~2.0.0"

open@0.0.4:
  version "0.0.4"
  resolved "https://registry.yarnpkg.com/open/-/open-0.0.4.tgz#5de46a0858b9f49f9f211aa8f26628550657f262"

open@~0.0.4:
  version "0.0.5"
  resolved "https://registry.yarnpkg.com/open/-/open-0.0.5.tgz#42c3e18ec95466b6bf0dc42f3a2945c3f0cad8fc"

pause@0.0.1:
  version "0.0.1"
  resolved "https://registry.yarnpkg.com/pause/-/pause-0.0.1.tgz#1d408b3fdb76923b9543d96fb4c9dfd535d9cb5d"

qs@0.6.5:
  version "0.6.5"
  resolved "https://registry.yarnpkg.com/qs/-/qs-0.6.5.tgz#294b268e4b0d4250f6dde19b3b8b34935dff14ef"

qs@~0.5.2:
  version "0.5.6"
  resolved "https://registry.yarnpkg.com/qs/-/qs-0.5.6.tgz#31b1ad058567651c526921506b9a8793911a0384"

range-parser@0.0.4:
  version "0.0.4"
  resolved "https://registry.yarnpkg.com/range-parser/-/range-parser-0.0.4.tgz#c0427ffef51c10acba0782a46c9602e744ff620b"

rimraf@~2.2.1, rimraf@~2.2.8:
  version "2.2.8"
  resolved "https://registry.yarnpkg.com/rimraf/-/rimraf-2.2.8.tgz#e439be2aaee327321952730f99a8929e4fc50582"

send@0.1.1:
  version "0.1.1"
  resolved "https://registry.yarnpkg.com/send/-/send-0.1.1.tgz#0bcfcbd03def6e2d8612e1abf8f4895b450c60c8"
  dependencies:
    debug "*"
    fresh "0.1.0"
    mime "~1.2.9"
    range-parser "0.0.4"

sigmund@~1.0.0:
  version "1.0.1"
  resolved "https://registry.yarnpkg.com/sigmund/-/sigmund-1.0.1.tgz#3ff21f198cad2175f9f3b781853fd94d0d19b590"

strip-ansi@^0.3.0:
  version "0.3.0"
  resolved "https://registry.yarnpkg.com/strip-ansi/-/strip-ansi-0.3.0.tgz#25f48ea22ca79187f3174a4db8759347bb126220"
  dependencies:
    ansi-regex "^0.2.1"

supports-color@^0.2.0:
  version "0.2.0"
  resolved "https://registry.yarnpkg.com/supports-color/-/supports-color-0.2.0.tgz#d92de2694eb3f67323973d7ae3d8b55b4c22190a"

tiny-lr@0.0.4:
  version "0.0.4"
  resolved "https://registry.yarnpkg.com/tiny-lr/-/tiny-lr-0.0.4.tgz#80618547f63f697d05cb40c4c2c4b083521aefb6"
  dependencies:
    debug "~0.7.0"
    faye-websocket "~0.4.3"
    noptify latest
    qs "~0.5.2"

underscore.string@~2.2.1:
  version "2.2.1"
  resolved "https://registry.yarnpkg.com/underscore.string/-/underscore.string-2.2.1.tgz#d7c0fa2af5d5a1a67f4253daee98132e733f0f19"

underscore.string@~2.3.3:
  version "2.3.3"
  resolved "https://registry.yarnpkg.com/underscore.string/-/underscore.string-2.3.3.tgz#71c08bf6b428b1133f37e78fa3a21c82f7329b0d"

underscore.string@~2.4.0:
  version "2.4.0"
  resolved "https://registry.yarnpkg.com/underscore.string/-/underscore.string-2.4.0.tgz#8cdd8fbac4e2d2ea1e7e2e8097c42f442280f85b"

underscore@~1.7.0:
  version "1.7.0"
  resolved "https://registry.yarnpkg.com/underscore/-/underscore-1.7.0.tgz#6bbaf0877500d36be34ecaa584e0db9fef035209"

which@^1.0.5:
  version "1.2.12"
  resolved "https://registry.yarnpkg.com/which/-/which-1.2.12.tgz#de67b5e450269f194909ef23ece4ebe416fa1192"
  dependencies:
    isexe "^1.1.1"

which@~1.0.5:
  version "1.0.9"
  resolved "https://registry.yarnpkg.com/which/-/which-1.0.9.tgz#460c1da0f810103d0321a9b633af9e575e64486f"

win-spawn@^2.0.0:
  version "2.0.0"
  resolved "https://registry.yarnpkg.com/win-spawn/-/win-spawn-2.0.0.tgz#397a29130ec98d0aa0bc86baa4621393effd0b07"
